
Microsoft Visual Studio Solution File, Format Version 12.00
# Visual Studio Version 17
VisualStudioVersion = 17.3.32804.467
MinimumVisualStudioVersion = 10.0.40219.1
Project("{FAE04EC0-301F-11D3-BF4B-00C04F79EFBC}") = "bilEEEEEt5", "bilEEEEEt5\bilEEEEEt5.csproj", "{C8FB81C2-1B6D-4A99-B28B-673D05A4C504}"
EndProject
Global
	GlobalSection(SolutionConfigurationPlatforms) = preSolution
		Debug|Any CPU = Debug|Any CPU
		Release|Any CPU = Release|Any CPU
	EndGlobalSection
	GlobalSection(ProjectConfigurationPlatforms) = postSolution
		{C8FB81C2-1B6D-4A99-B28B-673D05A4C504}.Debug|Any CPU.ActiveCfg = Debug|Any CPU
		{C8FB81C2-1B6D-4A99-B28B-673D05A4C504}.Debug|Any CPU.Build.0 = Debug|Any CPU
		{C8FB81C2-1B6D-4A99-B28B-673D05A4C504}.Release|Any CPU.ActiveCfg = Release|Any CPU
		{C8FB81C2-1B6D-4A99-B28B-673D05A4C504}.Release|Any CPU.Build.0 = Release|Any CPU
	EndGlobalSection
	GlobalSection(SolutionProperties) = preSolution
		HideSolutionNode = FALSE
	EndGlobalSection
	GlobalSection(ExtensibilityGlobals) = postSolution
		SolutionGuid = {B4318210-C0E1-467E-8A3F-214F43CEBA2B}
	EndGlobalSection
EndGlobal
